
Microsoft Visual Studio Solution File, Format Version 12.00
# Visual Studio Version 17
VisualStudioVersion = 17.2.32616.157
MinimumVisualStudioVersion = 10.0.40219.1
Project("{2150E333-8FDC-42A3-9474-1A3956D46DE8}") = "src", "src", "{FFC6734C-9EDC-4BF9-876C-AD98857D8C5C}"
EndProject
Project("{9A19103F-16F7-4668-BE54-9A1E7A4F7556}") = "Domain", "Domain\Domain.csproj", "{986B448F-AD2B-4CF2-B369-2AD10E26B164}"
EndProject
Project("{9A19103F-16F7-4668-BE54-9A1E7A4F7556}") = "Infrastructure", "Infrastructure\Infrastructure.csproj", "{5998324E-EE50-4649-B810-36AD03B86D7D}"
EndProject
Project("{9A19103F-16F7-4668-BE54-9A1E7A4F7556}") = "Application", "Application\Application.csproj", "{C4DA8097-1E81-4D7F-9A3B-9B22BA450A0D}"
EndProject
Project("{9A19103F-16F7-4668-BE54-9A1E7A4F7556}") = "Api", "Api\Api.csproj", "{E96C4F68-F602-4CDA-B0B5-D35AF1C9C13F}"
EndProject
Global
	GlobalSection(SolutionConfigurationPlatforms) = preSolution
		Debug|Any CPU = Debug|Any CPU
		Release|Any CPU = Release|Any CPU
	EndGlobalSection
	GlobalSection(ProjectConfigurationPlatforms) = postSolution
		{986B448F-AD2B-4CF2-B369-2AD10E26B164}.Debug|Any CPU.ActiveCfg = Debug|Any CPU
		{986B448F-AD2B-4CF2-B369-2AD10E26B164}.Debug|Any CPU.Build.0 = Debug|Any CPU
		{986B448F-AD2B-4CF2-B369-2AD10E26B164}.Release|Any CPU.ActiveCfg = Release|Any CPU
		{986B448F-AD2B-4CF2-B369-2AD10E26B164}.Release|Any CPU.Build.0 = Release|Any CPU
		{5998324E-EE50-4649-B810-36AD03B86D7D}.Debug|Any CPU.ActiveCfg = Debug|Any CPU
		{5998324E-EE50-4649-B810-36AD03B86D7D}.Debug|Any CPU.Build.0 = Debug|Any CPU
		{5998324E-EE50-4649-B810-36AD03B86D7D}.Release|Any CPU.ActiveCfg = Release|Any CPU
		{5998324E-EE50-4649-B810-36AD03B86D7D}.Release|Any CPU.Build.0 = Release|Any CPU
		{C4DA8097-1E81-4D7F-9A3B-9B22BA450A0D}.Debug|Any CPU.ActiveCfg = Debug|Any CPU
		{C4DA8097-1E81-4D7F-9A3B-9B22BA450A0D}.Debug|Any CPU.Build.0 = Debug|Any CPU
		{C4DA8097-1E81-4D7F-9A3B-9B22BA450A0D}.Release|Any CPU.ActiveCfg = Release|Any CPU
		{C4DA8097-1E81-4D7F-9A3B-9B22BA450A0D}.Release|Any CPU.Build.0 = Release|Any CPU
		{E96C4F68-F602-4CDA-B0B5-D35AF1C9C13F}.Debug|Any CPU.ActiveCfg = Debug|Any CPU
		{E96C4F68-F602-4CDA-B0B5-D35AF1C9C13F}.Debug|Any CPU.Build.0 = Debug|Any CPU
		{E96C4F68-F602-4CDA-B0B5-D35AF1C9C13F}.Release|Any CPU.ActiveCfg = Release|Any CPU
		{E96C4F68-F602-4CDA-B0B5-D35AF1C9C13F}.Release|Any CPU.Build.0 = Release|Any CPU
	EndGlobalSection
	GlobalSection(SolutionProperties) = preSolution
		HideSolutionNode = FALSE
	EndGlobalSection
	GlobalSection(NestedProjects) = preSolution
		{986B448F-AD2B-4CF2-B369-2AD10E26B164} = {FFC6734C-9EDC-4BF9-876C-AD98857D8C5C}
		{5998324E-EE50-4649-B810-36AD03B86D7D} = {FFC6734C-9EDC-4BF9-876C-AD98857D8C5C}
		{C4DA8097-1E81-4D7F-9A3B-9B22BA450A0D} = {FFC6734C-9EDC-4BF9-876C-AD98857D8C5C}
		{E96C4F68-F602-4CDA-B0B5-D35AF1C9C13F} = {FFC6734C-9EDC-4BF9-876C-AD98857D8C5C}
	EndGlobalSection
	GlobalSection(ExtensibilityGlobals) = postSolution
		SolutionGuid = {51DE468E-9F92-4B0D-9F4E-CBEEDAB803C3}
	EndGlobalSection
EndGlobal
